
Microsoft Visual Studio Solution File, Format Version 12.00
# Visual Studio Version 16
VisualStudioVersion = 16.0.31205.134
MinimumVisualStudioVersion = 10.0.40219.1
Project("{FAE04EC0-301F-11D3-BF4B-00C04F79EFBC}") = "AssigmentPRNWebForm", "AssigmentPRNWebForm\AssigmentPRNWebForm.csproj", "{93B155E8-EF3C-434D-A97F-D61D0B7345B7}"
EndProject
Project("{FAE04EC0-301F-11D3-BF4B-00C04F79EFBC}") = "AssigmentPRNWinForm", "..\..\..\OneDrive\Desktop\PRN292\DemoPE\AssigmentPRNWinForm\AssigmentPRNWinForm.csproj", "{C4F5A9FC-5CEC-480A-9326-45CC7A043BB2}"
EndProject
Global
	GlobalSection(SolutionConfigurationPlatforms) = preSolution
		Debug|Any CPU = Debug|Any CPU
		Release|Any CPU = Release|Any CPU
	EndGlobalSection
	GlobalSection(ProjectConfigurationPlatforms) = postSolution
		{93B155E8-EF3C-434D-A97F-D61D0B7345B7}.Debug|Any CPU.ActiveCfg = Debug|Any CPU
		{93B155E8-EF3C-434D-A97F-D61D0B7345B7}.Debug|Any CPU.Build.0 = Debug|Any CPU
		{93B155E8-EF3C-434D-A97F-D61D0B7345B7}.Release|Any CPU.ActiveCfg = Release|Any CPU
		{93B155E8-EF3C-434D-A97F-D61D0B7345B7}.Release|Any CPU.Build.0 = Release|Any CPU
		{C4F5A9FC-5CEC-480A-9326-45CC7A043BB2}.Debug|Any CPU.ActiveCfg = Debug|Any CPU
		{C4F5A9FC-5CEC-480A-9326-45CC7A043BB2}.Debug|Any CPU.Build.0 = Debug|Any CPU
		{C4F5A9FC-5CEC-480A-9326-45CC7A043BB2}.Release|Any CPU.ActiveCfg = Release|Any CPU
		{C4F5A9FC-5CEC-480A-9326-45CC7A043BB2}.Release|Any CPU.Build.0 = Release|Any CPU
	EndGlobalSection
	GlobalSection(SolutionProperties) = preSolution
		HideSolutionNode = FALSE
	EndGlobalSection
	GlobalSection(ExtensibilityGlobals) = postSolution
		SolutionGuid = {5EB7E2A8-8FFB-4AEB-9BDE-D8085C0A6205}
	EndGlobalSection
EndGlobal
